
Microsoft Visual Studio Solution File, Format Version 12.00
# Visual Studio Version 16
VisualStudioVersion = 16.0.31005.135
MinimumVisualStudioVersion = 10.0.40219.1
Project("{FAE04EC0-301F-11D3-BF4B-00C04F79EFBC}") = "Ejercicios-cap-8y9", "Ejercicios-cap-8y9.csproj", "{5D3CE7A4-171D-4019-84BB-F3D82C5E80AB}"
EndProject
Global
	GlobalSection(SolutionConfigurationPlatforms) = preSolution
		Debug|Any CPU = Debug|Any CPU
		Release|Any CPU = Release|Any CPU
	EndGlobalSection
	GlobalSection(ProjectConfigurationPlatforms) = postSolution
		{5D3CE7A4-171D-4019-84BB-F3D82C5E80AB}.Debug|Any CPU.ActiveCfg = Debug|Any CPU
		{5D3CE7A4-171D-4019-84BB-F3D82C5E80AB}.Debug|Any CPU.Build.0 = Debug|Any CPU
		{5D3CE7A4-171D-4019-84BB-F3D82C5E80AB}.Release|Any CPU.ActiveCfg = Release|Any CPU
		{5D3CE7A4-171D-4019-84BB-F3D82C5E80AB}.Release|Any CPU.Build.0 = Release|Any CPU
	EndGlobalSection
	GlobalSection(SolutionProperties) = preSolution
		HideSolutionNode = FALSE
	EndGlobalSection
	GlobalSection(ExtensibilityGlobals) = postSolution
		SolutionGuid = {C78C0127-BFA1-4F6B-A699-E032A30237DE}
	EndGlobalSection
EndGlobal
